
Microsoft Visual Studio Solution File, Format Version 12.00
# Visual Studio Version 17
VisualStudioVersion = 17.5.002.0
MinimumVisualStudioVersion = 10.0.40219.1
Project("{9A19103F-16F7-4668-BE54-9A1E7A4F7556}") = "lupafinance", "lupafinance.csproj", "{18427C39-2165-4396-84BE-FC07712BE691}"
EndProject
Global
	GlobalSection(SolutionConfigurationPlatforms) = preSolution
		Debug|Any CPU = Debug|Any CPU
		Release|Any CPU = Release|Any CPU
	EndGlobalSection
	GlobalSection(ProjectConfigurationPlatforms) = postSolution
		{18427C39-2165-4396-84BE-FC07712BE691}.Debug|Any CPU.ActiveCfg = Debug|Any CPU
		{18427C39-2165-4396-84BE-FC07712BE691}.Debug|Any CPU.Build.0 = Debug|Any CPU
		{18427C39-2165-4396-84BE-FC07712BE691}.Release|Any CPU.ActiveCfg = Release|Any CPU
		{18427C39-2165-4396-84BE-FC07712BE691}.Release|Any CPU.Build.0 = Release|Any CPU
	EndGlobalSection
	GlobalSection(SolutionProperties) = preSolution
		HideSolutionNode = FALSE
	EndGlobalSection
	GlobalSection(ExtensibilityGlobals) = postSolution
		SolutionGuid = {DCF85075-1D17-444D-92FA-5EED0FCFC6A8}
	EndGlobalSection
EndGlobal
